
Microsoft Visual Studio Solution File, Format Version 12.00
# Visual Studio Version 17
VisualStudioVersion = 17.13.35919.96
MinimumVisualStudioVersion = 10.0.40219.1
Project("{FAE04EC0-301F-11D3-BF4B-00C04F79EFBC}") = "Inyection_dependency_example", "Inyection_dependency_example\Inyection_dependency_example.csproj", "{7B0C4440-9D04-413D-9BB7-18758DFBC95A}"
EndProject
Global
	GlobalSection(SolutionConfigurationPlatforms) = preSolution
		Debug|Any CPU = Debug|Any CPU
		Release|Any CPU = Release|Any CPU
	EndGlobalSection
	GlobalSection(ProjectConfigurationPlatforms) = postSolution
		{7B0C4440-9D04-413D-9BB7-18758DFBC95A}.Debug|Any CPU.ActiveCfg = Debug|Any CPU
		{7B0C4440-9D04-413D-9BB7-18758DFBC95A}.Debug|Any CPU.Build.0 = Debug|Any CPU
		{7B0C4440-9D04-413D-9BB7-18758DFBC95A}.Release|Any CPU.ActiveCfg = Release|Any CPU
		{7B0C4440-9D04-413D-9BB7-18758DFBC95A}.Release|Any CPU.Build.0 = Release|Any CPU
	EndGlobalSection
	GlobalSection(SolutionProperties) = preSolution
		HideSolutionNode = FALSE
	EndGlobalSection
	GlobalSection(ExtensibilityGlobals) = postSolution
		SolutionGuid = {A5BC646B-DD09-43B6-9ABE-2E945622BD59}
	EndGlobalSection
EndGlobal
